
Microsoft Visual Studio Solution File, Format Version 11.00
# Visual Studio 2010
Project("{E24C65DC-7377-472B-9ABA-BC803B73C61A}") = "LifeFormScanner", "LifeFormScanner\LifeFormScanner\", "{974AB369-151B-4665-8929-76D4C4CF3E00}"
	ProjectSection(WebsiteProperties) = preProject
		TargetFrameworkMoniker = ".NETFramework,Version%3Dv4.0"
		ProjectReferences = "{BB83ED46-01C6-4AAA-B775-A2BC7EC87613}|ServiceName.dll;"
		Debug.AspNetCompiler.VirtualPath = "/LifeFormScanner"
		Debug.AspNetCompiler.PhysicalPath = "LifeFormScanner\LifeFormScanner\"
		Debug.AspNetCompiler.TargetPath = "PrecompiledWeb\LifeFormScanner\"
		Debug.AspNetCompiler.Updateable = "true"
		Debug.AspNetCompiler.ForceOverwrite = "true"
		Debug.AspNetCompiler.FixedNames = "false"
		Debug.AspNetCompiler.Debug = "True"
		Release.AspNetCompiler.VirtualPath = "/LifeFormScanner"
		Release.AspNetCompiler.PhysicalPath = "LifeFormScanner\LifeFormScanner\"
		Release.AspNetCompiler.TargetPath = "PrecompiledWeb\LifeFormScanner\"
		Release.AspNetCompiler.Updateable = "true"
		Release.AspNetCompiler.ForceOverwrite = "true"
		Release.AspNetCompiler.FixedNames = "false"
		Release.AspNetCompiler.Debug = "False"
		VWDPort = "53494"
		DefaultWebSiteLanguage = "Visual C#"
	EndProjectSection
EndProject
Project("{FAE04EC0-301F-11D3-BF4B-00C04F79EFBC}") = "LifeFormScannerLibrary", "LifeFormScanner\LifeFormScannerLibrary\LifeFormScannerLibrary.csproj", "{BB83ED46-01C6-4AAA-B775-A2BC7EC87613}"
EndProject
Global
	GlobalSection(SolutionConfigurationPlatforms) = preSolution
		Debug|Any CPU = Debug|Any CPU
		Release|Any CPU = Release|Any CPU
	EndGlobalSection
	GlobalSection(ProjectConfigurationPlatforms) = postSolution
		{974AB369-151B-4665-8929-76D4C4CF3E00}.Debug|Any CPU.ActiveCfg = Debug|Any CPU
		{974AB369-151B-4665-8929-76D4C4CF3E00}.Debug|Any CPU.Build.0 = Debug|Any CPU
		{974AB369-151B-4665-8929-76D4C4CF3E00}.Release|Any CPU.ActiveCfg = Debug|Any CPU
		{974AB369-151B-4665-8929-76D4C4CF3E00}.Release|Any CPU.Build.0 = Debug|Any CPU
		{BB83ED46-01C6-4AAA-B775-A2BC7EC87613}.Debug|Any CPU.ActiveCfg = Debug|Any CPU
		{BB83ED46-01C6-4AAA-B775-A2BC7EC87613}.Debug|Any CPU.Build.0 = Debug|Any CPU
		{BB83ED46-01C6-4AAA-B775-A2BC7EC87613}.Release|Any CPU.ActiveCfg = Release|Any CPU
		{BB83ED46-01C6-4AAA-B775-A2BC7EC87613}.Release|Any CPU.Build.0 = Release|Any CPU
	EndGlobalSection
	GlobalSection(SolutionProperties) = preSolution
		HideSolutionNode = FALSE
	EndGlobalSection
EndGlobal
